
Microsoft Visual Studio Solution File, Format Version 12.00
# Visual Studio 14
VisualStudioVersion = 14.0.25123.0
MinimumVisualStudioVersion = 10.0.40219.1
Project("{34D63726-B1CA-46A0-A8F3-C6BCC5CFC799}") = "Sitecore.Support.145782", "Sitecore.Support.145782\Sitecore.Support.145782.csproj", "{7605DE36-7065-4AB7-AE95-4C2215800AB4}"
EndProject
Global
	GlobalSection(SolutionConfigurationPlatforms) = preSolution
		Debug|Any CPU = Debug|Any CPU
		Release|Any CPU = Release|Any CPU
	EndGlobalSection
	GlobalSection(ProjectConfigurationPlatforms) = postSolution
		{7605DE36-7065-4AB7-AE95-4C2215800AB4}.Debug|Any CPU.ActiveCfg = Debug|Any CPU
		{7605DE36-7065-4AB7-AE95-4C2215800AB4}.Debug|Any CPU.Build.0 = Debug|Any CPU
		{7605DE36-7065-4AB7-AE95-4C2215800AB4}.Release|Any CPU.ActiveCfg = Release|Any CPU
		{7605DE36-7065-4AB7-AE95-4C2215800AB4}.Release|Any CPU.Build.0 = Release|Any CPU
	EndGlobalSection
	GlobalSection(SolutionProperties) = preSolution
		HideSolutionNode = FALSE
	EndGlobalSection
EndGlobal
